
Microsoft Visual Studio Solution File, Format Version 12.00
# Visual Studio Version 16
VisualStudioVersion = 16.0.29519.181
MinimumVisualStudioVersion = 10.0.40219.1
Project("{FAE04EC0-301F-11D3-BF4B-00C04F79EFBC}") = "PacMan", "PacMan\PacMan.csproj", "{C9E11A45-E0D5-466B-BB2B-6823688E5F7D}"
EndProject
Global
	GlobalSection(SolutionConfigurationPlatforms) = preSolution
		Debug|Any CPU = Debug|Any CPU
		Release|Any CPU = Release|Any CPU
	EndGlobalSection
	GlobalSection(ProjectConfigurationPlatforms) = postSolution
		{C9E11A45-E0D5-466B-BB2B-6823688E5F7D}.Debug|Any CPU.ActiveCfg = Debug|Any CPU
		{C9E11A45-E0D5-466B-BB2B-6823688E5F7D}.Debug|Any CPU.Build.0 = Debug|Any CPU
		{C9E11A45-E0D5-466B-BB2B-6823688E5F7D}.Release|Any CPU.ActiveCfg = Release|Any CPU
		{C9E11A45-E0D5-466B-BB2B-6823688E5F7D}.Release|Any CPU.Build.0 = Release|Any CPU
	EndGlobalSection
	GlobalSection(SolutionProperties) = preSolution
		HideSolutionNode = FALSE
	EndGlobalSection
	GlobalSection(ExtensibilityGlobals) = postSolution
		SolutionGuid = {38BAD9EF-1710-4F7B-B4EF-14017068C4FA}
	EndGlobalSection
EndGlobal
